// !$*UTF8*$!
{
	archiveVersion = 1;
	classes = {
	};
	objectVersion = 50;
	objects = {

/* Begin PBXBuildFile section */
		D1178B3E25226C2A00851154 /* LarryPodsApp.swift in Sources */ = {isa = PBXBuildFile; fileRef = D1178B3D25226C2A00851154 /* LarryPodsApp.swift */; };
		D1178B4025226C2A00851154 /* ContentView.swift in Sources */ = {isa = PBXBuildFile; fileRef = D1178B3F25226C2A00851154 /* ContentView.swift */; };
		D1178B4225226C2C00851154 /* Assets.xcassets in Resources */ = {isa = PBXBuildFile; fileRef = D1178B4125226C2C00851154 /* Assets.xcassets */; };
		D1178B4525226C2C00851154 /* Preview Assets.xcassets in Resources */ = {isa = PBXBuildFile; fileRef = D1178B4425226C2C00851154 /* Preview Assets.xcassets */; };
		D1178B5025226C2C00851154 /* LarryPodsTests.swift in Sources */ = {isa = PBXBuildFile; fileRef = D1178B4F25226C2C00851154 /* LarryPodsTests.swift */; };
		D1178B5B25226C2C00851154 /* LarryPodsUITests.swift in Sources */ = {isa = PBXBuildFile; fileRef = D1178B5A25226C2C00851154 /* LarryPodsUITests.swift */; };
		D1817BCE252272EF00347D3A /* HomeView.swift in Sources */ = {isa = PBXBuildFile; fileRef = D1817BCD252272EF00347D3A /* HomeView.swift */; };
		D1817BD32522739300347D3A /* OuvindoView.swift in Sources */ = {isa = PBXBuildFile; fileRef = D1817BD22522739300347D3A /* OuvindoView.swift */; };
		D1817BDE2522753C00347D3A /* ResultadoView.swift in Sources */ = {isa = PBXBuildFile; fileRef = D1817BDD2522753C00347D3A /* ResultadoView.swift */; };
/* End PBXBuildFile section */

/* Begin PBXContainerItemProxy section */
		D1178B4C25226C2C00851154 /* PBXContainerItemProxy */ = {
			isa = PBXContainerItemProxy;
			containerPortal = D1178B3225226C2A00851154 /* Project object */;
			proxyType = 1;
			remoteGlobalIDString = D1178B3925226C2A00851154;
			remoteInfo = LarryPods;
		};
		D1178B5725226C2C00851154 /* PBXContainerItemProxy */ = {
			isa = PBXContainerItemProxy;
			containerPortal = D1178B3225226C2A00851154 /* Project object */;
			proxyType = 1;
			remoteGlobalIDString = D1178B3925226C2A00851154;
			remoteInfo = LarryPods;
		};
/* End PBXContainerItemProxy section */

/* Begin PBXFileReference section */
		D1178B3A25226C2A00851154 /* LarryPods.app */ = {isa = PBXFileReference; explicitFileType = wrapper.application; includeInIndex = 0; path = LarryPods.app; sourceTree = BUILT_PRODUCTS_DIR; };
		D1178B3D25226C2A00851154 /* LarryPodsApp.swift */ = {isa = PBXFileReference; lastKnownFileType = sourcecode.swift; path = LarryPodsApp.swift; sourceTree = "<group>"; };
		D1178B3F25226C2A00851154 /* ContentView.swift */ = {isa = PBXFileReference; lastKnownFileType = sourcecode.swift; path = ContentView.swift; sourceTree = "<group>"; };
		D1178B4125226C2C00851154 /* Assets.xcassets */ = {isa = PBXFileReference; lastKnownFileType = folder.assetcatalog; path = Assets.xcassets; sourceTree = "<group>"; };
		D1178B4425226C2C00851154 /* Preview Assets.xcassets */ = {isa = PBXFileReference; lastKnownFileType = folder.assetcatalog; path = "Preview Assets.xcassets"; sourceTree = "<group>"; };
		D1178B4625226C2C00851154 /* Info.plist */ = {isa = PBXFileReference; lastKnownFileType = text.plist.xml; path = Info.plist; sourceTree = "<group>"; };
		D1178B4B25226C2C00851154 /* LarryPodsTests.xctest */ = {isa = PBXFileReference; explicitFileType = wrapper.cfbundle; includeInIndex = 0; path = LarryPodsTests.xctest; sourceTree = BUILT_PRODUCTS_DIR; };
		D1178B4F25226C2C00851154 /* LarryPodsTests.swift */ = {isa = PBXFileReference; lastKnownFileType = sourcecode.swift; path = LarryPodsTests.swift; sourceTree = "<group>"; };
		D1178B5125226C2C00851154 /* Info.plist */ = {isa = PBXFileReference; lastKnownFileType = text.plist.xml; path = Info.plist; sourceTree = "<group>"; };
		D1178B5625226C2C00851154 /* LarryPodsUITests.xctest */ = {isa = PBXFileReference; explicitFileType = wrapper.cfbundle; includeInIndex = 0; path = LarryPodsUITests.xctest; sourceTree = BUILT_PRODUCTS_DIR; };
		D1178B5A25226C2C00851154 /* LarryPodsUITests.swift */ = {isa = PBXFileReference; lastKnownFileType = sourcecode.swift; path = LarryPodsUITests.swift; sourceTree = "<group>"; };
		D1178B5C25226C2C00851154 /* Info.plist */ = {isa = PBXFileReference; lastKnownFileType = text.plist.xml; path = Info.plist; sourceTree = "<group>"; };
		D1817BCD252272EF00347D3A /* HomeView.swift */ = {isa = PBXFileReference; lastKnownFileType = sourcecode.swift; path = HomeView.swift; sourceTree = "<group>"; };
		D1817BD22522739300347D3A /* OuvindoView.swift */ = {isa = PBXFileReference; lastKnownFileType = sourcecode.swift; path = OuvindoView.swift; sourceTree = "<group>"; };
		D1817BDD2522753C00347D3A /* ResultadoView.swift */ = {isa = PBXFileReference; lastKnownFileType = sourcecode.swift; path = ResultadoView.swift; sourceTree = "<group>"; };
/* End PBXFileReference section */

/* Begin PBXFrameworksBuildPhase section */
		D1178B3725226C2A00851154 /* Frameworks */ = {
			isa = PBXFrameworksBuildPhase;
			buildActionMask = 2147483647;
			files = (
			);
			runOnlyForDeploymentPostprocessing = 0;
		};
		D1178B4825226C2C00851154 /* Frameworks */ = {
			isa = PBXFrameworksBuildPhase;
			buildActionMask = 2147483647;
			files = (
			);
			runOnlyForDeploymentPostprocessing = 0;
		};
		D1178B5325226C2C00851154 /* Frameworks */ = {
			isa = PBXFrameworksBuildPhase;
			buildActionMask = 2147483647;
			files = (
			);
			runOnlyForDeploymentPostprocessing = 0;
		};
/* End PBXFrameworksBuildPhase section */

/* Begin PBXGroup section */
		D1178B3125226C2A00851154 = {
			isa = PBXGroup;
			children = (
				D1178B3C25226C2A00851154 /* LarryPods */,
				D1178B4E25226C2C00851154 /* LarryPodsTests */,
				D1178B5925226C2C00851154 /* LarryPodsUITests */,
				D1178B3B25226C2A00851154 /* Products */,
			);
			sourceTree = "<group>";
		};
		D1178B3B25226C2A00851154 /* Products */ = {
			isa = PBXGroup;
			children = (
				D1178B3A25226C2A00851154 /* LarryPods.app */,
				D1178B4B25226C2C00851154 /* LarryPodsTests.xctest */,
				D1178B5625226C2C00851154 /* LarryPodsUITests.xctest */,
			);
			name = Products;
			sourceTree = "<group>";
		};
		D1178B3C25226C2A00851154 /* LarryPods */ = {
			isa = PBXGroup;
			children = (
				D1178B3D25226C2A00851154 /* LarryPodsApp.swift */,
				D1178B3F25226C2A00851154 /* ContentView.swift */,
				D1817BCD252272EF00347D3A /* HomeView.swift */,
				D1817BD22522739300347D3A /* OuvindoView.swift */,
				D1817BDD2522753C00347D3A /* ResultadoView.swift */,
				D1178B4125226C2C00851154 /* Assets.xcassets */,
				D1178B4625226C2C00851154 /* Info.plist */,
				D1178B4325226C2C00851154 /* Preview Content */,
			);
			path = LarryPods;
			sourceTree = "<group>";
		};
		D1178B4325226C2C00851154 /* Preview Content */ = {
			isa = PBXGroup;
			children = (
				D1178B4425226C2C00851154 /* Preview Assets.xcassets */,
			);
			path = "Preview Content";
			sourceTree = "<group>";
		};
		D1178B4E25226C2C00851154 /* LarryPodsTests */ = {
			isa = PBXGroup;
			children = (
				D1178B4F25226C2C00851154 /* LarryPodsTests.swift */,
				D1178B5125226C2C00851154 /* Info.plist */,
			);
			path = LarryPodsTests;
			sourceTree = "<group>";
		};
		D1178B5925226C2C00851154 /* LarryPodsUITests */ = {
			isa = PBXGroup;
			children = (
				D1178B5A25226C2C00851154 /* LarryPodsUITests.swift */,
				D1178B5C25226C2C00851154 /* Info.plist */,
			);
			path = LarryPodsUITests;
			sourceTree = "<group>";
		};
/* End PBXGroup section */

/* Begin PBXNativeTarget section */
		D1178B3925226C2A00851154 /* LarryPods */ = {
			isa = PBXNativeTarget;
			buildConfigurationList = D1178B5F25226C2C00851154 /* Build configuration list for PBXNativeTarget "LarryPods" */;
			buildPhases = (
				D1178B3625226C2A00851154 /* Sources */,
				D1178B3725226C2A00851154 /* Frameworks */,
				D1178B3825226C2A00851154 /* Resources */,
			);
			buildRules = (
			);
			dependencies = (
			);
			name = LarryPods;
			productName = LarryPods;
			productReference = D1178B3A25226C2A00851154 /* LarryPods.app */;
			productType = "com.apple.product-type.application";
		};
		D1178B4A25226C2C00851154 /* LarryPodsTests */ = {
			isa = PBXNativeTarget;
			buildConfigurationList = D1178B6225226C2C00851154 /* Build configuration list for PBXNativeTarget "LarryPodsTests" */;
			buildPhases = (
				D1178B4725226C2C00851154 /* Sources */,
				D1178B4825226C2C00851154 /* Frameworks */,
				D1178B4925226C2C00851154 /* Resources */,
			);
			buildRules = (
			);
			dependencies = (
				D1178B4D25226C2C00851154 /* PBXTargetDependency */,
			);
			name = LarryPodsTests;
			productName = LarryPodsTests;
			productReference = D1178B4B25226C2C00851154 /* LarryPodsTests.xctest */;
			productType = "com.apple.product-type.bundle.unit-test";
		};
		D1178B5525226C2C00851154 /* LarryPodsUITests */ = {
			isa = PBXNativeTarget;
			buildConfigurationList = D1178B6525226C2C00851154 /* Build configuration list for PBXNativeTarget "LarryPodsUITests" */;
			buildPhases = (
				D1178B5225226C2C00851154 /* Sources */,
				D1178B5325226C2C00851154 /* Frameworks */,
				D1178B5425226C2C00851154 /* Resources */,
			);
			buildRules = (
			);
			dependencies = (
				D1178B5825226C2C00851154 /* PBXTargetDependency */,
			);
			name = LarryPodsUITests;
			productName = LarryPodsUITests;
			productReference = D1178B5625226C2C00851154 /* LarryPodsUITests.xctest */;
			productType = "com.apple.product-type.bundle.ui-testing";
		};
/* End PBXNativeTarget section */

/* Begin PBXProject section */
		D1178B3225226C2A00851154 /* Project object */ = {
			isa = PBXProject;
			attributes = {
				LastSwiftUpdateCheck = 1200;
				LastUpgradeCheck = 1200;
				TargetAttributes = {
					D1178B3925226C2A00851154 = {
						CreatedOnToolsVersion = 12.0.1;
					};
					D1178B4A25226C2C00851154 = {
						CreatedOnToolsVersion = 12.0.1;
						TestTargetID = D1178B3925226C2A00851154;
					};
					D1178B5525226C2C00851154 = {
						CreatedOnToolsVersion = 12.0.1;
						TestTargetID = D1178B3925226C2A00851154;
					};
				};
			};
			buildConfigurationList = D1178B3525226C2A00851154 /* Build configuration list for PBXProject "LarryPods" */;
			compatibilityVersion = "Xcode 9.3";
			developmentRegion = en;
			hasScannedForEncodings = 0;
			knownRegions = (
				en,
				Base,
			);
			mainGroup = D1178B3125226C2A00851154;
			productRefGroup = D1178B3B25226C2A00851154 /* Products */;
			projectDirPath = "";
			projectRoot = "";
			targets = (
				D1178B3925226C2A00851154 /* LarryPods */,
				D1178B4A25226C2C00851154 /* LarryPodsTests */,
				D1178B5525226C2C00851154 /* LarryPodsUITests */,
			);
		};
/* End PBXProject section */

/* Begin PBXResourcesBuildPhase section */
		D1178B3825226C2A00851154 /* Resources */ = {
			isa = PBXResourcesBuildPhase;
			buildActionMask = 2147483647;
			files = (
				D1178B4525226C2C00851154 /* Preview Assets.xcassets in Resources */,
				D1178B4225226C2C00851154 /* Assets.xcassets in Resources */,
			);
			runOnlyForDeploymentPostprocessing = 0;
		};
		D1178B4925226C2C00851154 /* Resources */ = {
			isa = PBXResourcesBuildPhase;
			buildActionMask = 2147483647;
			files = (
			);
			runOnlyForDeploymentPostprocessing = 0;
		};
		D1178B5425226C2C00851154 /* Resources */ = {
			isa = PBXResourcesBuildPhase;
			buildActionMask = 2147483647;
			files = (
			);
			runOnlyForDeploymentPostprocessing = 0;
		};
/* End PBXResourcesBuildPhase section */

/* Begin PBXSourcesBuildPhase section */
		D1178B3625226C2A00851154 /* Sources */ = {
			isa = PBXSourcesBuildPhase;
			buildActionMask = 2147483647;
			files = (
				D1817BDE2522753C00347D3A /* ResultadoView.swift in Sources */,
				D1178B4025226C2A00851154 /* ContentView.swift in Sources */,
				D1817BCE252272EF00347D3A /* HomeView.swift in Sources */,
				D1178B3E25226C2A00851154 /* LarryPodsApp.swift in Sources */,
				D1817BD32522739300347D3A /* OuvindoView.swift in Sources */,
			);
			runOnlyForDeploymentPostprocessing = 0;
		};
		D1178B4725226C2C00851154 /* Sources */ = {
			isa = PBXSourcesBuildPhase;
			buildActionMask = 2147483647;
			files = (
				D1178B5025226C2C00851154 /* LarryPodsTests.swift in Sources */,
			);
			runOnlyForDeploymentPostprocessing = 0;
		};
		D1178B5225226C2C00851154 /* Sources */ = {
			isa = PBXSourcesBuildPhase;
			buildActionMask = 2147483647;
			files = (
				D1178B5B25226C2C00851154 /* LarryPodsUITests.swift in Sources */,
			);
			runOnlyForDeploymentPostprocessing = 0;
		};
/* End PBXSourcesBuildPhase section */

/* Begin PBXTargetDependency section */
		D1178B4D25226C2C00851154 /* PBXTargetDependency */ = {
			isa = PBXTargetDependency;
			target = D1178B3925226C2A00851154 /* LarryPods */;
			targetProxy = D1178B4C25226C2C00851154 /* PBXContainerItemProxy */;
		};
		D1178B5825226C2C00851154 /* PBXTargetDependency */ = {
			isa = PBXTargetDependency;
			target = D1178B3925226C2A00851154 /* LarryPods */;
			targetProxy = D1178B5725226C2C00851154 /* PBXContainerItemProxy */;
		};
/* End PBXTargetDependency section */

/* Begin XCBuildConfiguration section */
		D1178B5D25226C2C00851154 /* Debug */ = {
			isa = XCBuildConfiguration;
			buildSettings = {
				ALWAYS_SEARCH_USER_PATHS = NO;
				CLANG_ANALYZER_NONNULL = YES;
				CLANG_ANALYZER_NUMBER_OBJECT_CONVERSION = YES_AGGRESSIVE;
				CLANG_CXX_LANGUAGE_STANDARD = "gnu++14";
				CLANG_CXX_LIBRARY = "libc++";
				CLANG_ENABLE_MODULES = YES;
				CLANG_ENABLE_OBJC_ARC = YES;
				CLANG_ENABLE_OBJC_WEAK = YES;
				CLANG_WARN_BLOCK_CAPTURE_AUTORELEASING = YES;
				CLANG_WARN_BOOL_CONVERSION = YES;
				CLANG_WARN_COMMA = YES;
				CLANG_WARN_CONSTANT_CONVERSION = YES;
				CLANG_WARN_DEPRECATED_OBJC_IMPLEMENTATIONS = YES;
				CLANG_WARN_DIRECT_OBJC_ISA_USAGE = YES_ERROR;
				CLANG_WARN_DOCUMENTATION_COMMENTS = YES;
				CLANG_WARN_EMPTY_BODY = YES;
				CLANG_WARN_ENUM_CONVERSION = YES;
				CLANG_WARN_INFINITE_RECURSION = YES;
				CLANG_WARN_INT_CONVERSION = YES;
				CLANG_WARN_NON_LITERAL_NULL_CONVERSION = YES;
				CLANG_WARN_OBJC_IMPLICIT_RETAIN_SELF = YES;
				CLANG_WARN_OBJC_LITERAL_CONVERSION = YES;
				CLANG_WARN_OBJC_ROOT_CLASS = YES_ERROR;
				CLANG_WARN_QUOTED_INCLUDE_IN_FRAMEWORK_HEADER = YES;
				CLANG_WARN_RANGE_LOOP_ANALYSIS = YES;
				CLANG_WARN_STRICT_PROTOTYPES = YES;
				CLANG_WARN_SUSPICIOUS_MOVE = YES;
				CLANG_WARN_UNGUARDED_AVAILABILITY = YES_AGGRESSIVE;
				CLANG_WARN_UNREACHABLE_CODE = YES;
				CLANG_WARN__DUPLICATE_METHOD_MATCH = YES;
				COPY_PHASE_STRIP = NO;
				DEBUG_INFORMATION_FORMAT = dwarf;
				ENABLE_STRICT_OBJC_MSGSEND = YES;
				ENABLE_TESTABILITY = YES;
				GCC_C_LANGUAGE_STANDARD = gnu11;
				GCC_DYNAMIC_NO_PIC = NO;
				GCC_NO_COMMON_BLOCKS = YES;
				GCC_OPTIMIZATION_LEVEL = 0;
				GCC_PREPROCESSOR_DEFINITIONS = (
					"DEBUG=1",
					"$(inherited)",
				);
				GCC_WARN_64_TO_32_BIT_CONVERSION = YES;
				GCC_WARN_ABOUT_RETURN_TYPE = YES_ERROR;
				GCC_WARN_UNDECLARED_SELECTOR = YES;
				GCC_WARN_UNINITIALIZED_AUTOS = YES_AGGRESSIVE;
				GCC_WARN_UNUSED_FUNCTION = YES;
				GCC_WARN_UNUSED_VARIABLE = YES;
				IPHONEOS_DEPLOYMENT_TARGET = 14.0;
				MTL_ENABLE_DEBUG_INFO = INCLUDE_SOURCE;
				MTL_FAST_MATH = YES;
				ONLY_ACTIVE_ARCH = YES;
				SDKROOT = iphoneos;
				SWIFT_ACTIVE_COMPILATION_CONDITIONS = DEBUG;
				SWIFT_OPTIMIZATION_LEVEL = "-Onone";
			};
			name = Debug;
		};
		D1178B5E25226C2C00851154 /* Release */ = {
			isa = XCBuildConfiguration;
			buildSettings = {
				ALWAYS_SEARCH_USER_PATHS = NO;
				CLANG_ANALYZER_NONNULL = YES;
				CLANG_ANALYZER_NUMBER_OBJECT_CONVERSION = YES_AGGRESSIVE;
				CLANG_CXX_LANGUAGE_STANDARD = "gnu++14";
				CLANG_CXX_LIBRARY = "libc++";
				CLANG_ENABLE_MODULES = YES;
				CLANG_ENABLE_OBJC_ARC = YES;
				CLANG_ENABLE_OBJC_WEAK = YES;
				CLANG_WARN_BLOCK_CAPTURE_AUTORELEASING = YES;
				CLANG_WARN_BOOL_CONVERSION = YES;
				CLANG_WARN_COMMA = YES;
				CLANG_WARN_CONSTANT_CONVERSION = YES;
				CLANG_WARN_DEPRECATED_OBJC_IMPLEMENTATIONS = YES;
				CLANG_WARN_DIRECT_OBJC_ISA_USAGE = YES_ERROR;
				CLANG_WARN_DOCUMENTATION_COMMENTS = YES;
				CLANG_WARN_EMPTY_BODY = YES;
				CLANG_WARN_ENUM_CONVERSION = YES;
				CLANG_WARN_INFINITE_RECURSION = YES;
				CLANG_WARN_INT_CONVERSION = YES;
				CLANG_WARN_NON_LITERAL_NULL_CONVERSION = YES;
				CLANG_WARN_OBJC_IMPLICIT_RETAIN_SELF = YES;
				CLANG_WARN_OBJC_LITERAL_CONVERSION = YES;
				CLANG_WARN_OBJC_ROOT_CLASS = YES_ERROR;
				CLANG_WARN_QUOTED_INCLUDE_IN_FRAMEWORK_HEADER = YES;
				CLANG_WARN_RANGE_LOOP_ANALYSIS = YES;
				CLANG_WARN_STRICT_PROTOTYPES = YES;
				CLANG_WARN_SUSPICIOUS_MOVE = YES;
				CLANG_WARN_UNGUARDED_AVAILABILITY = YES_AGGRESSIVE;
				CLANG_WARN_UNREACHABLE_CODE = YES;
				CLANG_WARN__DUPLICATE_METHOD_MATCH = YES;
				COPY_PHASE_STRIP = NO;
				DEBUG_INFORMATION_FORMAT = "dwarf-with-dsym";
				ENABLE_NS_ASSERTIONS = NO;
				ENABLE_STRICT_OBJC_MSGSEND = YES;
				GCC_C_LANGUAGE_STANDARD = gnu11;
				GCC_NO_COMMON_BLOCKS = YES;
				GCC_WARN_64_TO_32_BIT_CONVERSION = YES;
				GCC_WARN_ABOUT_RETURN_TYPE = YES_ERROR;
				GCC_WARN_UNDECLARED_SELECTOR = YES;
				GCC_WARN_UNINITIALIZED_AUTOS = YES_AGGRESSIVE;
				GCC_WARN_UNUSED_FUNCTION = YES;
				GCC_WARN_UNUSED_VARIABLE = YES;
				IPHONEOS_DEPLOYMENT_TARGET = 14.0;
				MTL_ENABLE_DEBUG_INFO = NO;
				MTL_FAST_MATH = YES;
				SDKROOT = iphoneos;
				SWIFT_COMPILATION_MODE = wholemodule;
				SWIFT_OPTIMIZATION_LEVEL = "-O";
				VALIDATE_PRODUCT = YES;
			};
			name = Release;
		};
		D1178B6025226C2C00851154 /* Debug */ = {
			isa = XCBuildConfiguration;
			buildSettings = {
				ASSETCATALOG_COMPILER_APPICON_NAME = AppIcon;
				ASSETCATALOG_COMPILER_GLOBAL_ACCENT_COLOR_NAME = AccentColor;
				CODE_SIGN_STYLE = Automatic;
				DEVELOPMENT_ASSET_PATHS = "\"LarryPods/Preview Content\"";
				DEVELOPMENT_TEAM = 6AV6S9H4YP;
				ENABLE_PREVIEWS = YES;
				INFOPLIST_FILE = LarryPods/Info.plist;
				IPHONEOS_DEPLOYMENT_TARGET = 14.0;
				LD_RUNPATH_SEARCH_PATHS = (
					"$(inherited)",
					"@executable_path/Frameworks",
				);
				PRODUCT_BUNDLE_IDENTIFIER = MatheusSalles.LarryPods;
				PRODUCT_NAME = "$(TARGET_NAME)";
				SWIFT_VERSION = 5.0;
				TARGETED_DEVICE_FAMILY = "1,2";
			};
			name = Debug;
		};
		D1178B6125226C2C00851154 /* Release */ = {
			isa = XCBuildConfiguration;
			buildSettings = {
				ASSETCATALOG_COMPILER_APPICON_NAME = AppIcon;
				ASSETCATALOG_COMPILER_GLOBAL_ACCENT_COLOR_NAME = AccentColor;
				CODE_SIGN_STYLE = Automatic;
				DEVELOPMENT_ASSET_PATHS = "\"LarryPods/Preview Content\"";
				DEVELOPMENT_TEAM = 6AV6S9H4YP;
				ENABLE_PREVIEWS = YES;
				INFOPLIST_FILE = LarryPods/Info.plist;
				IPHONEOS_DEPLOYMENT_TARGET = 14.0;
				LD_RUNPATH_SEARCH_PATHS = (
					"$(inherited)",
					"@executable_path/Frameworks",
				);
				PRODUCT_BUNDLE_IDENTIFIER = MatheusSalles.LarryPods;
				PRODUCT_NAME = "$(TARGET_NAME)";
				SWIFT_VERSION = 5.0;
				TARGETED_DEVICE_FAMILY = "1,2";
			};
			name = Release;
		};
		D1178B6325226C2C00851154 /* Debug */ = {
			isa = XCBuildConfiguration;
			buildSettings = {
				ALWAYS_EMBED_SWIFT_STANDARD_LIBRARIES = YES;
				BUNDLE_LOADER = "$(TEST_HOST)";
				CODE_SIGN_STYLE = Automatic;
				DEVELOPMENT_TEAM = 6AV6S9H4YP;
				INFOPLIST_FILE = LarryPodsTests/Info.plist;
				IPHONEOS_DEPLOYMENT_TARGET = 14.0;
				LD_RUNPATH_SEARCH_PATHS = (
					"$(inherited)",
					"@executable_path/Frameworks",
					"@loader_path/Frameworks",
				);
				PRODUCT_BUNDLE_IDENTIFIER = MatheusSalles.LarryPodsTests;
				PRODUCT_NAME = "$(TARGET_NAME)";
				SWIFT_VERSION = 5.0;
				TARGETED_DEVICE_FAMILY = "1,2";
				TEST_HOST = "$(BUILT_PRODUCTS_DIR)/LarryPods.app/LarryPods";
			};
			name = Debug;
		};
		D1178B6425226C2C00851154 /* Release */ = {
			isa = XCBuildConfiguration;
			buildSettings = {
				ALWAYS_EMBED_SWIFT_STANDARD_LIBRARIES = YES;
				BUNDLE_LOADER = "$(TEST_HOST)";
				CODE_SIGN_STYLE = Automatic;
				DEVELOPMENT_TEAM = 6AV6S9H4YP;
				INFOPLIST_FILE = LarryPodsTests/Info.plist;
				IPHONEOS_DEPLOYMENT_TARGET = 14.0;
				LD_RUNPATH_SEARCH_PATHS = (
					"$(inherited)",
					"@executable_path/Frameworks",
					"@loader_path/Frameworks",
				);
				PRODUCT_BUNDLE_IDENTIFIER = MatheusSalles.LarryPodsTests;
				PRODUCT_NAME = "$(TARGET_NAME)";
				SWIFT_VERSION = 5.0;
				TARGETED_DEVICE_FAMILY = "1,2";
				TEST_HOST = "$(BUILT_PRODUCTS_DIR)/LarryPods.app/LarryPods";
			};
			name = Release;
		};
		D1178B6625226C2C00851154 /* Debug */ = {
			isa = XCBuildConfiguration;
			buildSettings = {
				ALWAYS_EMBED_SWIFT_STANDARD_LIBRARIES = YES;
				CODE_SIGN_STYLE = Automatic;
				DEVELOPMENT_TEAM = 6AV6S9H4YP;
				INFOPLIST_FILE = LarryPodsUITests/Info.plist;
				LD_RUNPATH_SEARCH_PATHS = (
					"$(inherited)",
					"@executable_path/Frameworks",
					"@loader_path/Frameworks",
				);
				PRODUCT_BUNDLE_IDENTIFIER = MatheusSalles.LarryPodsUITests;
				PRODUCT_NAME = "$(TARGET_NAME)";
				SWIFT_VERSION = 5.0;
				TARGETED_DEVICE_FAMILY = "1,2";
				TEST_TARGET_NAME = LarryPods;
			};
			name = Debug;
		};
		D1178B6725226C2C00851154 /* Release */ = {
			isa = XCBuildConfiguration;
			buildSettings = {
				ALWAYS_EMBED_SWIFT_STANDARD_LIBRARIES = YES;
				CODE_SIGN_STYLE = Automatic;
				DEVELOPMENT_TEAM = 6AV6S9H4YP;
				INFOPLIST_FILE = LarryPodsUITests/Info.plist;
				LD_RUNPATH_SEARCH_PATHS = (
					"$(inherited)",
					"@executable_path/Frameworks",
					"@loader_path/Frameworks",
				);
				PRODUCT_BUNDLE_IDENTIFIER = MatheusSalles.LarryPodsUITests;
				PRODUCT_NAME = "$(TARGET_NAME)";
				SWIFT_VERSION = 5.0;
				TARGETED_DEVICE_FAMILY = "1,2";
				TEST_TARGET_NAME = LarryPods;
			};
			name = Release;
		};
/* End XCBuildConfiguration section */

/* Begin XCConfigurationList section */
		D1178B3525226C2A00851154 /* Build configuration list for PBXProject "LarryPods" */ = {
			isa = XCConfigurationList;
			buildConfigurations = (
				D1178B5D25226C2C00851154 /* Debug */,
				D1178B5E25226C2C00851154 /* Release */,
			);
			defaultConfigurationIsVisible = 0;
			defaultConfigurationName = Release;
		};
		D1178B5F25226C2C00851154 /* Build configuration list for PBXNativeTarget "LarryPods" */ = {
			isa = XCConfigurationList;
			buildConfigurations = (
				D1178B6025226C2C00851154 /* Debug */,
				D1178B6125226C2C00851154 /* Release */,
			);
			defaultConfigurationIsVisible = 0;
			defaultConfigurationName = Release;
		};
		D1178B6225226C2C00851154 /* Build configuration list for PBXNativeTarget "LarryPodsTests" */ = {
			isa = XCConfigurationList;
			buildConfigurations = (
				D1178B6325226C2C00851154 /* Debug */,
				D1178B6425226C2C00851154 /* Release */,
			);
			defaultConfigurationIsVisible = 0;
			defaultConfigurationName = Release;
		};
		D1178B6525226C2C00851154 /* Build configuration list for PBXNativeTarget "LarryPodsUITests" */ = {
			isa = XCConfigurationList;
			buildConfigurations = (
				D1178B6625226C2C00851154 /* Debug */,
				D1178B6725226C2C00851154 /* Release */,
			);
			defaultConfigurationIsVisible = 0;
			defaultConfigurationName = Release;
		};
/* End XCConfigurationList section */
	};
	rootObject = D1178B3225226C2A00851154 /* Project object */;
}
